
Microsoft Visual Studio Solution File, Format Version 12.00
# Visual Studio Version 16
VisualStudioVersion = 16.0.31624.102
MinimumVisualStudioVersion = 10.0.40219.1
Project("{FAE04EC0-301F-11D3-BF4B-00C04F79EFBC}") = "Superintendent-bot", "Superintendent-bot\Superintendent-bot.csproj", "{FEBF8E4A-8E0B-40C3-AC62-E8271BC6B8B8}"
EndProject
Global
	GlobalSection(SolutionConfigurationPlatforms) = preSolution
		Debug|Any CPU = Debug|Any CPU
		Release|Any CPU = Release|Any CPU
	EndGlobalSection
	GlobalSection(ProjectConfigurationPlatforms) = postSolution
		{FEBF8E4A-8E0B-40C3-AC62-E8271BC6B8B8}.Debug|Any CPU.ActiveCfg = Debug|Any CPU
		{FEBF8E4A-8E0B-40C3-AC62-E8271BC6B8B8}.Debug|Any CPU.Build.0 = Debug|Any CPU
		{FEBF8E4A-8E0B-40C3-AC62-E8271BC6B8B8}.Release|Any CPU.ActiveCfg = Release|Any CPU
		{FEBF8E4A-8E0B-40C3-AC62-E8271BC6B8B8}.Release|Any CPU.Build.0 = Release|Any CPU
	EndGlobalSection
	GlobalSection(SolutionProperties) = preSolution
		HideSolutionNode = FALSE
	EndGlobalSection
	GlobalSection(ExtensibilityGlobals) = postSolution
		SolutionGuid = {D976E134-99CA-489D-BB40-949B498D535F}
	EndGlobalSection
EndGlobal
